// !$*UTF8*$!
{
	archiveVersion = 1;
	classes = {
	};
	objectVersion = 50;
	objects = {

/* Begin PBXBuildFile section */
		6215F6E7215D005500DC2A3F /* AppDelegate.swift in Sources */ = {isa = PBXBuildFile; fileRef = 6215F6E6215D005500DC2A3F /* AppDelegate.swift */; };
		6215F6E9215D005500DC2A3F /* ViewController.swift in Sources */ = {isa = PBXBuildFile; fileRef = 6215F6E8215D005500DC2A3F /* ViewController.swift */; };
		6215F6EC215D005500DC2A3F /* Main.storyboard in Resources */ = {isa = PBXBuildFile; fileRef = 6215F6EA215D005500DC2A3F /* Main.storyboard */; };
		6215F6EE215D005700DC2A3F /* Assets.xcassets in Resources */ = {isa = PBXBuildFile; fileRef = 6215F6ED215D005700DC2A3F /* Assets.xcassets */; };
		6215F6F1215D005700DC2A3F /* LaunchScreen.storyboard in Resources */ = {isa = PBXBuildFile; fileRef = 6215F6EF215D005700DC2A3F /* LaunchScreen.storyboard */; };
		62624925215D0B5C008161E9 /* FeedTableVC.swift in Sources */ = {isa = PBXBuildFile; fileRef = 62624924215D0B5C008161E9 /* FeedTableVC.swift */; };
		62624928215D0C2E008161E9 /* FeedCell.swift in Sources */ = {isa = PBXBuildFile; fileRef = 62624927215D0C2E008161E9 /* FeedCell.swift */; };
		6262492C215D0D90008161E9 /* URLRequestService.swift in Sources */ = {isa = PBXBuildFile; fileRef = 6262492B215D0D90008161E9 /* URLRequestService.swift */; };
		62A07543215D28EC00854674 /* PostItem.swift in Sources */ = {isa = PBXBuildFile; fileRef = 62A07542215D28EC00854674 /* PostItem.swift */; };
/* End PBXBuildFile section */

/* Begin PBXFileReference section */
		6215F6E3215D005500DC2A3F /* FlickFeedApp.app */ = {isa = PBXFileReference; explicitFileType = wrapper.application; includeInIndex = 0; path = FlickFeedApp.app; sourceTree = BUILT_PRODUCTS_DIR; };
		6215F6E6215D005500DC2A3F /* AppDelegate.swift */ = {isa = PBXFileReference; lastKnownFileType = sourcecode.swift; path = AppDelegate.swift; sourceTree = "<group>"; };
		6215F6E8215D005500DC2A3F /* ViewController.swift */ = {isa = PBXFileReference; lastKnownFileType = sourcecode.swift; path = ViewController.swift; sourceTree = "<group>"; };
		6215F6EB215D005500DC2A3F /* Base */ = {isa = PBXFileReference; lastKnownFileType = file.storyboard; name = Base; path = Base.lproj/Main.storyboard; sourceTree = "<group>"; };
		6215F6ED215D005700DC2A3F /* Assets.xcassets */ = {isa = PBXFileReference; lastKnownFileType = folder.assetcatalog; path = Assets.xcassets; sourceTree = "<group>"; };
		6215F6F0215D005700DC2A3F /* Base */ = {isa = PBXFileReference; lastKnownFileType = file.storyboard; name = Base; path = Base.lproj/LaunchScreen.storyboard; sourceTree = "<group>"; };
		6215F6F2215D005700DC2A3F /* Info.plist */ = {isa = PBXFileReference; lastKnownFileType = text.plist.xml; path = Info.plist; sourceTree = "<group>"; };
		62624924215D0B5C008161E9 /* FeedTableVC.swift */ = {isa = PBXFileReference; lastKnownFileType = sourcecode.swift; path = FeedTableVC.swift; sourceTree = "<group>"; };
		62624927215D0C2E008161E9 /* FeedCell.swift */ = {isa = PBXFileReference; lastKnownFileType = sourcecode.swift; path = FeedCell.swift; sourceTree = "<group>"; };
		6262492B215D0D90008161E9 /* URLRequestService.swift */ = {isa = PBXFileReference; lastKnownFileType = sourcecode.swift; path = URLRequestService.swift; sourceTree = "<group>"; };
		62A07542215D28EC00854674 /* PostItem.swift */ = {isa = PBXFileReference; lastKnownFileType = sourcecode.swift; path = PostItem.swift; sourceTree = "<group>"; };
/* End PBXFileReference section */

/* Begin PBXFrameworksBuildPhase section */
		6215F6E0215D005500DC2A3F /* Frameworks */ = {
			isa = PBXFrameworksBuildPhase;
			buildActionMask = 2147483647;
			files = (
			);
			runOnlyForDeploymentPostprocessing = 0;
		};
/* End PBXFrameworksBuildPhase section */

/* Begin PBXGroup section */
		6215F6DA215D005500DC2A3F = {
			isa = PBXGroup;
			children = (
				6215F6E5215D005500DC2A3F /* FlickFeedApp */,
				6215F6E4215D005500DC2A3F /* Products */,
			);
			sourceTree = "<group>";
		};
		6215F6E4215D005500DC2A3F /* Products */ = {
			isa = PBXGroup;
			children = (
				6215F6E3215D005500DC2A3F /* FlickFeedApp.app */,
			);
			name = Products;
			sourceTree = "<group>";
		};
		6215F6E5215D005500DC2A3F /* FlickFeedApp */ = {
			isa = PBXGroup;
			children = (
				62624923215D0AF9008161E9 /* Data */,
				62624922215D0AD8008161E9 /* Services */,
				62624921215D0AB1008161E9 /* Views */,
				6215F6E6215D005500DC2A3F /* AppDelegate.swift */,
				6215F6EA215D005500DC2A3F /* Main.storyboard */,
				6215F6ED215D005700DC2A3F /* Assets.xcassets */,
				6215F6EF215D005700DC2A3F /* LaunchScreen.storyboard */,
				6215F6F2215D005700DC2A3F /* Info.plist */,
			);
			path = FlickFeedApp;
			sourceTree = "<group>";
		};
		62624921215D0AB1008161E9 /* Views */ = {
			isa = PBXGroup;
			children = (
				62624929215D0C40008161E9 /* EmptyViewController */,
				62624926215D0B8A008161E9 /* FeedTableView */,
			);
			path = Views;
			sourceTree = "<group>";
		};
		62624922215D0AD8008161E9 /* Services */ = {
			isa = PBXGroup;
			children = (
				6262492A215D0D61008161E9 /* Networking */,
			);
			path = Services;
			sourceTree = "<group>";
		};
		62624923215D0AF9008161E9 /* Data */ = {
			isa = PBXGroup;
			children = (
				62A07542215D28EC00854674 /* PostItem.swift */,
			);
			path = Data;
			sourceTree = "<group>";
		};
		62624926215D0B8A008161E9 /* FeedTableView */ = {
			isa = PBXGroup;
			children = (
				62624924215D0B5C008161E9 /* FeedTableVC.swift */,
				62624927215D0C2E008161E9 /* FeedCell.swift */,
			);
			path = FeedTableView;
			sourceTree = "<group>";
		};
		62624929215D0C40008161E9 /* EmptyViewController */ = {
			isa = PBXGroup;
			children = (
				6215F6E8215D005500DC2A3F /* ViewController.swift */,
			);
			path = EmptyViewController;
			sourceTree = "<group>";
		};
		6262492A215D0D61008161E9 /* Networking */ = {
			isa = PBXGroup;
			children = (
				6262492B215D0D90008161E9 /* URLRequestService.swift */,
			);
			path = Networking;
			sourceTree = "<group>";
		};
/* End PBXGroup section */

/* Begin PBXNativeTarget section */
		6215F6E2215D005500DC2A3F /* FlickFeedApp */ = {
			isa = PBXNativeTarget;
			buildConfigurationList = 6215F6F5215D005700DC2A3F /* Build configuration list for PBXNativeTarget "FlickFeedApp" */;
			buildPhases = (
				6215F6DF215D005500DC2A3F /* Sources */,
				6215F6E0215D005500DC2A3F /* Frameworks */,
				6215F6E1215D005500DC2A3F /* Resources */,
			);
			buildRules = (
			);
			dependencies = (
			);
			name = FlickFeedApp;
			productName = FlickFeedApp;
			productReference = 6215F6E3215D005500DC2A3F /* FlickFeedApp.app */;
			productType = "com.apple.product-type.application";
		};
/* End PBXNativeTarget section */

/* Begin PBXProject section */
		6215F6DB215D005500DC2A3F /* Project object */ = {
			isa = PBXProject;
			attributes = {
				LastSwiftUpdateCheck = 0940;
				LastUpgradeCheck = 0940;
				ORGANIZATIONNAME = "Eldar Adelshin";
				TargetAttributes = {
					6215F6E2215D005500DC2A3F = {
						CreatedOnToolsVersion = 9.4.1;
					};
				};
			};
			buildConfigurationList = 6215F6DE215D005500DC2A3F /* Build configuration list for PBXProject "FlickFeedApp" */;
			compatibilityVersion = "Xcode 9.3";
			developmentRegion = en;
			hasScannedForEncodings = 0;
			knownRegions = (
				en,
				Base,
			);
			mainGroup = 6215F6DA215D005500DC2A3F;
			productRefGroup = 6215F6E4215D005500DC2A3F /* Products */;
			projectDirPath = "";
			projectRoot = "";
			targets = (
				6215F6E2215D005500DC2A3F /* FlickFeedApp */,
			);
		};
/* End PBXProject section */

/* Begin PBXResourcesBuildPhase section */
		6215F6E1215D005500DC2A3F /* Resources */ = {
			isa = PBXResourcesBuildPhase;
			buildActionMask = 2147483647;
			files = (
				6215F6F1215D005700DC2A3F /* LaunchScreen.storyboard in Resources */,
				6215F6EE215D005700DC2A3F /* Assets.xcassets in Resources */,
				6215F6EC215D005500DC2A3F /* Main.storyboard in Resources */,
			);
			runOnlyForDeploymentPostprocessing = 0;
		};
/* End PBXResourcesBuildPhase section */

/* Begin PBXSourcesBuildPhase section */
		6215F6DF215D005500DC2A3F /* Sources */ = {
			isa = PBXSourcesBuildPhase;
			buildActionMask = 2147483647;
			files = (
				62A07543215D28EC00854674 /* PostItem.swift in Sources */,
				6262492C215D0D90008161E9 /* URLRequestService.swift in Sources */,
				6215F6E9215D005500DC2A3F /* ViewController.swift in Sources */,
				62624928215D0C2E008161E9 /* FeedCell.swift in Sources */,
				62624925215D0B5C008161E9 /* FeedTableVC.swift in Sources */,
				6215F6E7215D005500DC2A3F /* AppDelegate.swift in Sources */,
			);
			runOnlyForDeploymentPostprocessing = 0;
		};
/* End PBXSourcesBuildPhase section */

/* Begin PBXVariantGroup section */
		6215F6EA215D005500DC2A3F /* Main.storyboard */ = {
			isa = PBXVariantGroup;
			children = (
				6215F6EB215D005500DC2A3F /* Base */,
			);
			name = Main.storyboard;
			sourceTree = "<group>";
		};
		6215F6EF215D005700DC2A3F /* LaunchScreen.storyboard */ = {
			isa = PBXVariantGroup;
			children = (
				6215F6F0215D005700DC2A3F /* Base */,
			);
			name = LaunchScreen.storyboard;
			sourceTree = "<group>";
		};
/* End PBXVariantGroup section */

/* Begin XCBuildConfiguration section */
		6215F6F3215D005700DC2A3F /* Debug */ = {
			isa = XCBuildConfiguration;
			buildSettings = {
				ALWAYS_SEARCH_USER_PATHS = NO;
				CLANG_ANALYZER_NONNULL = YES;
				CLANG_ANALYZER_NUMBER_OBJECT_CONVERSION = YES_AGGRESSIVE;
				CLANG_CXX_LANGUAGE_STANDARD = "gnu++14";
				CLANG_CXX_LIBRARY = "libc++";
				CLANG_ENABLE_MODULES = YES;
				CLANG_ENABLE_OBJC_ARC = YES;
				CLANG_ENABLE_OBJC_WEAK = YES;
				CLANG_WARN_BLOCK_CAPTURE_AUTORELEASING = YES;
				CLANG_WARN_BOOL_CONVERSION = YES;
				CLANG_WARN_COMMA = YES;
				CLANG_WARN_CONSTANT_CONVERSION = YES;
				CLANG_WARN_DEPRECATED_OBJC_IMPLEMENTATIONS = YES;
				CLANG_WARN_DIRECT_OBJC_ISA_USAGE = YES_ERROR;
				CLANG_WARN_DOCUMENTATION_COMMENTS = YES;
				CLANG_WARN_EMPTY_BODY = YES;
				CLANG_WARN_ENUM_CONVERSION = YES;
				CLANG_WARN_INFINITE_RECURSION = YES;
				CLANG_WARN_INT_CONVERSION = YES;
				CLANG_WARN_NON_LITERAL_NULL_CONVERSION = YES;
				CLANG_WARN_OBJC_IMPLICIT_RETAIN_SELF = YES;
				CLANG_WARN_OBJC_LITERAL_CONVERSION = YES;
				CLANG_WARN_OBJC_ROOT_CLASS = YES_ERROR;
				CLANG_WARN_RANGE_LOOP_ANALYSIS = YES;
				CLANG_WARN_STRICT_PROTOTYPES = YES;
				CLANG_WARN_SUSPICIOUS_MOVE = YES;
				CLANG_WARN_UNGUARDED_AVAILABILITY = YES_AGGRESSIVE;
				CLANG_WARN_UNREACHABLE_CODE = YES;
				CLANG_WARN__DUPLICATE_METHOD_MATCH = YES;
				CODE_SIGN_IDENTITY = "iPhone Developer";
				COPY_PHASE_STRIP = NO;
				DEBUG_INFORMATION_FORMAT = dwarf;
				ENABLE_STRICT_OBJC_MSGSEND = YES;
				ENABLE_TESTABILITY = YES;
				GCC_C_LANGUAGE_STANDARD = gnu11;
				GCC_DYNAMIC_NO_PIC = NO;
				GCC_NO_COMMON_BLOCKS = YES;
				GCC_OPTIMIZATION_LEVEL = 0;
				GCC_PREPROCESSOR_DEFINITIONS = (
					"DEBUG=1",
					"$(inherited)",
				);
				GCC_WARN_64_TO_32_BIT_CONVERSION = YES;
				GCC_WARN_ABOUT_RETURN_TYPE = YES_ERROR;
				GCC_WARN_UNDECLARED_SELECTOR = YES;
				GCC_WARN_UNINITIALIZED_AUTOS = YES_AGGRESSIVE;
				GCC_WARN_UNUSED_FUNCTION = YES;
				GCC_WARN_UNUSED_VARIABLE = YES;
				IPHONEOS_DEPLOYMENT_TARGET = 11.4;
				MTL_ENABLE_DEBUG_INFO = YES;
				ONLY_ACTIVE_ARCH = YES;
				SDKROOT = iphoneos;
				SWIFT_ACTIVE_COMPILATION_CONDITIONS = DEBUG;
				SWIFT_OPTIMIZATION_LEVEL = "-Onone";
			};
			name = Debug;
		};
		6215F6F4215D005700DC2A3F /* Release */ = {
			isa = XCBuildConfiguration;
			buildSettings = {
				ALWAYS_SEARCH_USER_PATHS = NO;
				CLANG_ANALYZER_NONNULL = YES;
				CLANG_ANALYZER_NUMBER_OBJECT_CONVERSION = YES_AGGRESSIVE;
				CLANG_CXX_LANGUAGE_STANDARD = "gnu++14";
				CLANG_CXX_LIBRARY = "libc++";
				CLANG_ENABLE_MODULES = YES;
				CLANG_ENABLE_OBJC_ARC = YES;
				CLANG_ENABLE_OBJC_WEAK = YES;
				CLANG_WARN_BLOCK_CAPTURE_AUTORELEASING = YES;
				CLANG_WARN_BOOL_CONVERSION = YES;
				CLANG_WARN_COMMA = YES;
				CLANG_WARN_CONSTANT_CONVERSION = YES;
				CLANG_WARN_DEPRECATED_OBJC_IMPLEMENTATIONS = YES;
				CLANG_WARN_DIRECT_OBJC_ISA_USAGE = YES_ERROR;
				CLANG_WARN_DOCUMENTATION_COMMENTS = YES;
				CLANG_WARN_EMPTY_BODY = YES;
				CLANG_WARN_ENUM_CONVERSION = YES;
				CLANG_WARN_INFINITE_RECURSION = YES;
				CLANG_WARN_INT_CONVERSION = YES;
				CLANG_WARN_NON_LITERAL_NULL_CONVERSION = YES;
				CLANG_WARN_OBJC_IMPLICIT_RETAIN_SELF = YES;
				CLANG_WARN_OBJC_LITERAL_CONVERSION = YES;
				CLANG_WARN_OBJC_ROOT_CLASS = YES_ERROR;
				CLANG_WARN_RANGE_LOOP_ANALYSIS = YES;
				CLANG_WARN_STRICT_PROTOTYPES = YES;
				CLANG_WARN_SUSPICIOUS_MOVE = YES;
				CLANG_WARN_UNGUARDED_AVAILABILITY = YES_AGGRESSIVE;
				CLANG_WARN_UNREACHABLE_CODE = YES;
				CLANG_WARN__DUPLICATE_METHOD_MATCH = YES;
				CODE_SIGN_IDENTITY = "iPhone Developer";
				COPY_PHASE_STRIP = NO;
				DEBUG_INFORMATION_FORMAT = "dwarf-with-dsym";
				ENABLE_NS_ASSERTIONS = NO;
				ENABLE_STRICT_OBJC_MSGSEND = YES;
				GCC_C_LANGUAGE_STANDARD = gnu11;
				GCC_NO_COMMON_BLOCKS = YES;
				GCC_WARN_64_TO_32_BIT_CONVERSION = YES;
				GCC_WARN_ABOUT_RETURN_TYPE = YES_ERROR;
				GCC_WARN_UNDECLARED_SELECTOR = YES;
				GCC_WARN_UNINITIALIZED_AUTOS = YES_AGGRESSIVE;
				GCC_WARN_UNUSED_FUNCTION = YES;
				GCC_WARN_UNUSED_VARIABLE = YES;
				IPHONEOS_DEPLOYMENT_TARGET = 11.4;
				MTL_ENABLE_DEBUG_INFO = NO;
				SDKROOT = iphoneos;
				SWIFT_COMPILATION_MODE = wholemodule;
				SWIFT_OPTIMIZATION_LEVEL = "-O";
				VALIDATE_PRODUCT = YES;
			};
			name = Release;
		};
		6215F6F6215D005700DC2A3F /* Debug */ = {
			isa = XCBuildConfiguration;
			buildSettings = {
				ASSETCATALOG_COMPILER_APPICON_NAME = AppIcon;
				CODE_SIGN_STYLE = Automatic;
				INFOPLIST_FILE = FlickFeedApp/Info.plist;
				LD_RUNPATH_SEARCH_PATHS = (
					"$(inherited)",
					"@executable_path/Frameworks",
				);
				PRODUCT_BUNDLE_IDENTIFIER = ru.adelshin.ios.FlickFeedApp;
				PRODUCT_NAME = "$(TARGET_NAME)";
				SWIFT_VERSION = 4.0;
				TARGETED_DEVICE_FAMILY = "1,2";
			};
			name = Debug;
		};
		6215F6F7215D005700DC2A3F /* Release */ = {
			isa = XCBuildConfiguration;
			buildSettings = {
				ASSETCATALOG_COMPILER_APPICON_NAME = AppIcon;
				CODE_SIGN_STYLE = Automatic;
				INFOPLIST_FILE = FlickFeedApp/Info.plist;
				LD_RUNPATH_SEARCH_PATHS = (
					"$(inherited)",
					"@executable_path/Frameworks",
				);
				PRODUCT_BUNDLE_IDENTIFIER = ru.adelshin.ios.FlickFeedApp;
				PRODUCT_NAME = "$(TARGET_NAME)";
				SWIFT_VERSION = 4.0;
				TARGETED_DEVICE_FAMILY = "1,2";
			};
			name = Release;
		};
/* End XCBuildConfiguration section */

/* Begin XCConfigurationList section */
		6215F6DE215D005500DC2A3F /* Build configuration list for PBXProject "FlickFeedApp" */ = {
			isa = XCConfigurationList;
			buildConfigurations = (
				6215F6F3215D005700DC2A3F /* Debug */,
				6215F6F4215D005700DC2A3F /* Release */,
			);
			defaultConfigurationIsVisible = 0;
			defaultConfigurationName = Release;
		};
		6215F6F5215D005700DC2A3F /* Build configuration list for PBXNativeTarget "FlickFeedApp" */ = {
			isa = XCConfigurationList;
			buildConfigurations = (
				6215F6F6215D005700DC2A3F /* Debug */,
				6215F6F7215D005700DC2A3F /* Release */,
			);
			defaultConfigurationIsVisible = 0;
			defaultConfigurationName = Release;
		};
/* End XCConfigurationList section */
	};
	rootObject = 6215F6DB215D005500DC2A3F /* Project object */;
}
